hash: d5dae57ad8114e0d1178e6c47faea7c7589d12eecc4f2dd3fb0953e331171570
updated: 2017-08-14T07:31:50.4276725+09:00
imports:
- name: github.com/gorilla/context
  version: 08b5f424b9271eedf6f9f0ce86cb9396ed337a42
- name: github.com/gorilla/mux
  version: bcd8bc72b08df0f70df986b97f95590779502d31
testImports: []
